{
  "name": "notes-cloud",
  "version": "1.0.0",
  "lockfileVersion": 3,
  "requires": true,
  "packages": {
    "": {
      "name": "notes-cloud",
      "version": "1.0.0",
      "dependencies": {
        "@netlify/blobs": "^5.1.0"
      }
    },
    "node_modules/@netlify/blobs": {
      "version": "5.1.0",
      "resolved": "https://registry.npmjs.org/@netlify/blobs/-/blobs-5.1.0.tgz",
      "integrity": "sha512-JFz0O8R7uZ5x6YyMdnzD0pK+yRNLl1O79+y1qfE0mSx1KmKr+bVBQTNsaM/DsbFEYMp5boQYt3qesNEtVUYXbg=="
    }
  }
}
